{
  "name": "heirsbot",
  "version": "1.0.0",
  "lockfileVersion": 1,
  "requires": true,
  "dependencies": {
    "@types/geojson": {
      "version": "1.0.6",
      "resolved": "https://registry.npmjs.org/@types/geojson/-/geojson-1.0.6.tgz",
      "integrity": "sha512-Xqg/lIZMrUd0VRmSRbCAewtwGZiAk3mEUDvV4op1tGl+LvyPcb/MIOSxTl9z+9+J+R4/vpjiCAT4xeKzH9ji1w=="
    },
    "@types/node": {
      "version": "11.9.4",
      "resolved": "https://registry.npmjs.org/@types/node/-/node-11.9.4.tgz",
      "integrity": "sha512-Zl8dGvAcEmadgs1tmSPcvwzO1YRsz38bVJQvH1RvRqSR9/5n61Q1ktcDL0ht3FXWR+ZpVmXVwN1LuH4Ax23NsA=="
    },
    "async-limiter": {
      "version": "1.0.0",
      "resolved": "https://registry.npmjs.org/async-limiter/-/async-limiter-1.0.0.tgz",
      "integrity": "sha512-jp/uFnooOiO+L211eZOoSyzpOITMXx1rBITauYykG3BRYPu8h0UcxsPNB04RR5vo4Tyz3+ay17tR6JVf9qzYWg=="
    },
    "axios": {
      "version": "0.18.0",
      "resolved": "https://registry.npmjs.org/axios/-/axios-0.18.0.tgz",
      "integrity": "sha1-MtU+SFHv3AoRmTts0AB4nXDAUQI=",
      "requires": {
        "follow-redirects": "^1.3.0",
        "is-buffer": "^1.1.5"
      }
    },
    "bluebird": {
      "version": "3.5.3",
      "resolved": "https://registry.npmjs.org/bluebird/-/bluebird-3.5.3.tgz",
      "integrity": "sha512-/qKPUQlaW1OyR51WeCPBvRnAlnZFUJkCSG5HzGnuIqhgyJtF+T94lFnn33eiazjRm2LAHVy2guNnaq48X9SJuw=="
    },
    "boolbase": {
      "version": "1.0.0",
      "resolved": "https://registry.npmjs.org/boolbase/-/boolbase-1.0.0.tgz",
      "integrity": "sha1-aN/1++YMUes3cl6p4+0xDcwed24="
    },
    "buffer-writer": {
      "version": "2.0.0",
      "resolved": "https://registry.npmjs.org/buffer-writer/-/buffer-writer-2.0.0.tgz",
      "integrity": "sha512-a7ZpuTZU1TRtnwyCNW3I5dc0wWNC3VR9S++Ewyk2HHZdrO3CQJqSpd+95Us590V6AL7JqUAH2IwZ/398PmNFgw=="
    },
    "cheerio": {
      "version": "1.0.0-rc.2",
      "resolved": "https://registry.npmjs.org/cheerio/-/cheerio-1.0.0-rc.2.tgz",
      "integrity": "sha1-S59TqBsn5NXawxwP/Qz6A8xoMNs=",
      "requires": {
        "css-select": "~1.2.0",
        "dom-serializer": "~0.1.0",
        "entities": "~1.1.1",
        "htmlparser2": "^3.9.1",
        "lodash": "^4.15.0",
        "parse5": "^3.0.1"
      }
    },
    "cls-bluebird": {
      "version": "2.1.0",
      "resolved": "https://registry.npmjs.org/cls-bluebird/-/cls-bluebird-2.1.0.tgz",
      "integrity": "sha1-N+8eCAqP+1XC9BZPU28ZGeeWiu4=",
      "requires": {
        "is-bluebird": "^1.0.2",
        "shimmer": "^1.1.0"
      }
    },
    "css-select": {
      "version": "1.2.0",
      "resolved": "https://registry.npmjs.org/css-select/-/css-select-1.2.0.tgz",
      "integrity": "sha1-KzoRBTnFNV8c2NMUYj6HCxIeyFg=",
      "requires": {
        "boolbase": "~1.0.0",
        "css-what": "2.1",
        "domutils": "1.5.1",
        "nth-check": "~1.0.1"
      }
    },
    "css-what": {
      "version": "2.1.3",
      "resolved": "https://registry.npmjs.org/css-what/-/css-what-2.1.3.tgz",
      "integrity": "sha512-a+EPoD+uZiNfh+5fxw2nO9QwFa6nJe2Or35fGY6Ipw1R3R4AGz1d1TEZrCegvw2YTmZ0jXirGYlzxxpYSHwpEg=="
    },
    "debug": {
      "version": "3.2.6",
      "resolved": "https://registry.npmjs.org/debug/-/debug-3.2.6.tgz",
      "integrity": "sha512-mel+jf7nrtEl5Pn1Qx46zARXKDpBbvzezse7p7LqINmdoIk8PYP5SySaxEmYv6TZ0JyEKA1hsCId6DIhgITtWQ==",
      "requires": {
        "ms": "^2.1.1"
      }
    },
    "depd": {
      "version": "1.1.2",
      "resolved": "https://registry.npmjs.org/depd/-/depd-1.1.2.tgz",
      "integrity": "sha1-m81S4UwJd2PnSbJ0xDRu0uVgtak="
    },
    "discord.js": {
      "version": "11.4.2",
      "resolved": "https://registry.npmjs.org/discord.js/-/discord.js-11.4.2.tgz",
      "integrity": "sha512-MDwpu0lMFTjqomijDl1Ed9miMQe6kB4ifKdP28QZllmLv/HVOJXhatRgjS8urp/wBlOfx+qAYSXcdI5cKGYsfg==",
      "requires": {
        "long": "^4.0.0",
        "prism-media": "^0.0.3",
        "snekfetch": "^3.6.4",
        "tweetnacl": "^1.0.0",
        "ws": "^4.0.0"
      }
    },
    "dom-serializer": {
      "version": "0.1.1",
      "resolved": "https://registry.npmjs.org/dom-serializer/-/dom-serializer-0.1.1.tgz",
      "integrity": "sha512-l0IU0pPzLWSHBcieZbpOKgkIn3ts3vAh7ZuFyXNwJxJXk/c4Gwj9xaTJwIDVQCXawWD0qb3IzMGH5rglQaO0XA==",
      "requires": {
        "domelementtype": "^1.3.0",
        "entities": "^1.1.1"
      }
    },
    "domelementtype": {
      "version": "1.3.1",
      "resolved": "https://registry.npmjs.org/domelementtype/-/domelementtype-1.3.1.tgz",
      "integrity": "sha512-BSKB+TSpMpFI/HOxCNr1O8aMOTZ8hT3pM3GQ0w/mWRmkhEDSFJkkyzz4XQsBV44BChwGkrDfMyjVD0eA2aFV3w=="
    },
    "domhandler": {
      "version": "2.4.2",
      "resolved": "https://registry.npmjs.org/domhandler/-/domhandler-2.4.2.tgz",
      "integrity": "sha512-JiK04h0Ht5u/80fdLMCEmV4zkNh2BcoMFBmZ/91WtYZ8qVXSKjiw7fXMgFPnHcSZgOo3XdinHvmnDUeMf5R4wA==",
      "requires": {
        "domelementtype": "1"
      }
    },
    "domutils": {
      "version": "1.5.1",
      "resolved": "https://registry.npmjs.org/domutils/-/domutils-1.5.1.tgz",
      "integrity": "sha1-3NhIiib1Y9YQeeSMn3t+Mjc2gs8=",
      "requires": {
        "dom-serializer": "0",
        "domelementtype": "1"
      }
    },
    "dottie": {
      "version": "2.0.1",
      "resolved": "https://registry.npmjs.org/dottie/-/dottie-2.0.1.tgz",
      "integrity": "sha512-ch5OQgvGDK2u8pSZeSYAQaV/lczImd7pMJ7BcEPXmnFVjy4yJIzP6CsODJUTH8mg1tyH1Z2abOiuJO3DjZ/GBw=="
    },
    "entities": {
      "version": "1.1.2",
      "resolved": "https://registry.npmjs.org/entities/-/entities-1.1.2.tgz",
      "integrity": "sha512-f2LZMYl1Fzu7YSBKg+RoROelpOaNrcGmE9AZubeDfrCEia483oW4MI4VyFd5VNHIgQ/7qm1I0wUHK1eJnn2y2w=="
    },
    "follow-redirects": {
      "version": "1.7.0",
      "resolved": "https://registry.npmjs.org/follow-redirects/-/follow-redirects-1.7.0.tgz",
      "integrity": "sha512-m/pZQy4Gj287eNy94nivy5wchN3Kp+Q5WgUPNy5lJSZ3sgkVKSYV/ZChMAQVIgx1SqfZ2zBZtPA2YlXIWxxJOQ==",
      "requires": {
        "debug": "^3.2.6"
      }
    },
    "generic-pool": {
      "version": "3.6.1",
      "resolved": "https://registry.npmjs.org/generic-pool/-/generic-pool-3.6.1.tgz",
      "integrity": "sha512-iMmD/pY4q0+V+f8o4twE9JPeqfNuX+gJAaIPB3B0W1lFkBOtTxBo6B0HxHPgGhzQA8jego7EWopcYq/UDJO2KA=="
    },
    "htmlparser2": {
      "version": "3.10.1",
      "resolved": "https://registry.npmjs.org/htmlparser2/-/htmlparser2-3.10.1.tgz",
      "integrity": "sha512-IgieNijUMbkDovyoKObU1DUhm1iwNYE/fuifEoEHfd1oZKZDaONBSkal7Y01shxsM49R4XaMdGez3WnF9UfiCQ==",
      "requires": {
        "domelementtype": "^1.3.1",
        "domhandler": "^2.3.0",
        "domutils": "^1.5.1",
        "entities": "^1.1.1",
        "inherits": "^2.0.1",
        "readable-stream": "^3.1.1"
      }
    },
    "inflection": {
      "version": "1.12.0",
      "resolved": "https://registry.npmjs.org/inflection/-/inflection-1.12.0.tgz",
      "integrity": "sha1-ogCTVlbW9fa8TcdQLhrstwMihBY="
    },
    "inherits": {
      "version": "2.0.3",
      "resolved": "https://registry.npmjs.org/inherits/-/inherits-2.0.3.tgz",
      "integrity": "sha1-Yzwsg+PaQqUC9SRmAiSA9CCCYd4="
    },
    "is-bluebird": {
      "version": "1.0.2",
      "resolved": "https://registry.npmjs.org/is-bluebird/-/is-bluebird-1.0.2.tgz",
      "integrity": "sha1-CWQ5Bg9KpBGr7hkUOoTWpVNG1uI="
    },
    "is-buffer": {
      "version": "1.1.6",
      "resolved": "https://registry.npmjs.org/is-buffer/-/is-buffer-1.1.6.tgz",
      "integrity": "sha512-NcdALwpXkTm5Zvvbk7owOUSvVvBKDgKP5/ewfXEznmQFfs4ZRmanOeKBTjRVjka3QFoN6XJ+9F3USqfHqTaU5w=="
    },
    "lodash": {
      "version": "4.17.11",
      "resolved": "https://registry.npmjs.org/lodash/-/lodash-4.17.11.tgz",
      "integrity": "sha512-cQKh8igo5QUhZ7lg38DYWAxMvjSAKG0A8wGSVimP07SIUEK2UO+arSRKbRZWtelMtN5V0Hkwh5ryOto/SshYIg=="
    },
    "lodash.forown": {
      "version": "4.4.0",
      "resolved": "https://registry.npmjs.org/lodash.forown/-/lodash.forown-4.4.0.tgz",
      "integrity": "sha1-hRFc8E9z75ZuztUlEdOJPMRmg68="
    },
    "long": {
      "version": "4.0.0",
      "resolved": "https://registry.npmjs.org/long/-/long-4.0.0.tgz",
      "integrity": "sha512-XsP+KhQif4bjX1kbuSiySJFNAehNxgLb6hPRGJ9QsUr8ajHkuXGdrHmFUTUUXhDwVX2R5bY4JNZEwbUiMhV+MA=="
    },
    "moment": {
      "version": "2.24.0",
      "resolved": "https://registry.npmjs.org/moment/-/moment-2.24.0.tgz",
      "integrity": "sha512-bV7f+6l2QigeBBZSM/6yTNq4P2fNpSWj/0e7jQcy87A8e7o2nAfP/34/2ky5Vw4B9S446EtIhodAzkFCcR4dQg=="
    },
    "moment-timezone": {
      "version": "0.5.23",
      "resolved": "https://registry.npmjs.org/moment-timezone/-/moment-timezone-0.5.23.tgz",
      "integrity": "sha512-WHFH85DkCfiNMDX5D3X7hpNH3/PUhjTGcD0U1SgfBGZxJ3qUmJh5FdvaFjcClxOvB3rzdfj4oRffbI38jEnC1w==",
      "requires": {
        "moment": ">= 2.9.0"
      }
    },
    "ms": {
      "version": "2.1.1",
      "resolved": "https://registry.npmjs.org/ms/-/ms-2.1.1.tgz",
      "integrity": "sha512-tgp+dl5cGk28utYktBsrFqA7HKgrhgPsg6Z/EfhWI4gl1Hwq8B/GmY/0oXZ6nF8hDVesS/FpnYaD/kOWhYQvyg=="
    },
    "nth-check": {
      "version": "1.0.2",
      "resolved": "https://registry.npmjs.org/nth-check/-/nth-check-1.0.2.tgz",
      "integrity": "sha512-WeBOdju8SnzPN5vTUJYxYUxLeXpCaVP5i5e0LF8fg7WORF2Wd7wFX/pk0tYZk7s8T+J7VLy0Da6J1+wCT0AtHg==",
      "requires": {
        "boolbase": "~1.0.0"
      }
    },
    "packet-reader": {
      "version": "0.3.1",
      "resolved": "https://registry.npmjs.org/packet-reader/-/packet-reader-0.3.1.tgz",
      "integrity": "sha1-zWLmCvjX/qinBexP+ZCHHEaHHyc="
    },
    "parse5": {
      "version": "3.0.3",
      "resolved": "https://registry.npmjs.org/parse5/-/parse5-3.0.3.tgz",
      "integrity": "sha512-rgO9Zg5LLLkfJF9E6CCmXlSE4UVceloys8JrFqCcHloC3usd/kJCyPDwH2SOlzix2j3xaP9sUX3e8+kvkuleAA==",
      "requires": {
        "@types/node": "*"
      }
    },
    "pg": {
      "version": "7.8.0",
      "resolved": "https://registry.npmjs.org/pg/-/pg-7.8.0.tgz",
      "integrity": "sha512-yS3C9YD+ft0H7G47uU0eKajgTieggCXdA+Fxhm5G+wionY6kPBa8BEVDwPLMxQvkRkv3/LXiFEqjZm9gfxdW+g==",
      "requires": {
        "buffer-writer": "2.0.0",
        "packet-reader": "0.3.1",
        "pg-connection-string": "0.1.3",
        "pg-pool": "^2.0.4",
        "pg-types": "~2.0.0",
        "pgpass": "1.x",
        "semver": "4.3.2"
      },
      "dependencies": {
        "semver": {
          "version": "4.3.2",
          "resolved": "https://registry.npmjs.org/semver/-/semver-4.3.2.tgz",
          "integrity": "sha1-x6BxWKgL7dBSNVt3DYLWZA+AO+c="
        }
      }
    },
    "pg-connection-string": {
      "version": "0.1.3",
      "resolved": "https://registry.npmjs.org/pg-connection-string/-/pg-connection-string-0.1.3.tgz",
      "integrity": "sha1-2hhHsglA5C7hSSvq9l1J2RskXfc="
    },
    "pg-hstore": {
      "version": "2.3.2",
      "resolved": "https://registry.npmjs.org/pg-hstore/-/pg-hstore-2.3.2.tgz",
      "integrity": "sha1-9+8FPnubiSrphq8vfL6GQy388k8=",
      "requires": {
        "underscore": "^1.7.0"
      }
    },
    "pg-int8": {
      "version": "1.0.1",
      "resolved": "https://registry.npmjs.org/pg-int8/-/pg-int8-1.0.1.tgz",
      "integrity": "sha512-WCtabS6t3c8SkpDBUlb1kjOs7l66xsGdKpIPZsg4wR+B3+u9UAum2odSsF9tnvxg80h4ZxLWMy4pRjOsFIqQpw=="
    },
    "pg-pool": {
      "version": "2.0.6",
      "resolved": "https://registry.npmjs.org/pg-pool/-/pg-pool-2.0.6.tgz",
      "integrity": "sha512-hod2zYQxM8Gt482q+qONGTYcg/qVcV32VHVPtktbBJs0us3Dj7xibISw0BAAXVMCzt8A/jhfJvpZaxUlqtqs0g=="
    },
    "pg-types": {
      "version": "2.0.0",
      "resolved": "https://registry.npmjs.org/pg-types/-/pg-types-2.0.0.tgz",
      "integrity": "sha512-THUD7gQll5tys+5eQ8Rvs7DjHiIC3bLqixk3gMN9Hu8UrCBAOjf35FoI39rTGGc3lM2HU/R+Knpxvd11mCwOMA==",
      "requires": {
        "pg-int8": "1.0.1",
        "postgres-array": "~2.0.0",
        "postgres-bytea": "~1.0.0",
        "postgres-date": "~1.0.0",
        "postgres-interval": "^1.1.0"
      }
    },
    "pgpass": {
      "version": "1.0.2",
      "resolved": "https://registry.npmjs.org/pgpass/-/pgpass-1.0.2.tgz",
      "integrity": "sha1-Knu0G2BltnkH6R2hsHwYR8h3swY=",
      "requires": {
        "split": "^1.0.0"
      }
    },
    "postgres-array": {
      "version": "2.0.0",
      "resolved": "https://registry.npmjs.org/postgres-array/-/postgres-array-2.0.0.tgz",
      "integrity": "sha512-VpZrUqU5A69eQyW2c5CA1jtLecCsN2U/bD6VilrFDWq5+5UIEVO7nazS3TEcHf1zuPYO/sqGvUvW62g86RXZuA=="
    },
    "postgres-bytea": {
      "version": "1.0.0",
      "resolved": "https://registry.npmjs.org/postgres-bytea/-/postgres-bytea-1.0.0.tgz",
      "integrity": "sha1-AntTPAqokOJtFy1Hz5zOzFIazTU="
    },
    "postgres-date": {
      "version": "1.0.3",
      "resolved": "https://registry.npmjs.org/postgres-date/-/postgres-date-1.0.3.tgz",
      "integrity": "sha1-4tiXAu/bJY/52c7g/pG9BpdSV6g="
    },
    "postgres-interval": {
      "version": "1.1.2",
      "resolved": "https://registry.npmjs.org/postgres-interval/-/postgres-interval-1.1.2.tgz",
      "integrity": "sha512-fC3xNHeTskCxL1dC8KOtxXt7YeFmlbTYtn7ul8MkVERuTmf7pI4DrkAxcw3kh1fQ9uz4wQmd03a1mRiXUZChfQ==",
      "requires": {
        "xtend": "^4.0.0"
      }
    },
    "prism-media": {
      "version": "0.0.3",
      "resolved": "https://registry.npmjs.org/prism-media/-/prism-media-0.0.3.tgz",
      "integrity": "sha512-c9KkNifSMU/iXT8FFTaBwBMr+rdVcN+H/uNv1o+CuFeTThNZNTOrQ+RgXA1yL/DeLk098duAeRPP3QNPNbhxYQ=="
    },
    "readable-stream": {
      "version": "3.2.0",
      "resolved": "https://registry.npmjs.org/readable-stream/-/readable-stream-3.2.0.tgz",
      "integrity": "sha512-RV20kLjdmpZuTF1INEb9IA3L68Nmi+Ri7ppZqo78wj//Pn62fCoJyV9zalccNzDD/OuJpMG4f+pfMl8+L6QdGw==",
      "requires": {
        "inherits": "^2.0.3",
        "string_decoder": "^1.1.1",
        "util-deprecate": "^1.0.1"
      }
    },
    "retry-as-promised": {
      "version": "2.3.2",
      "resolved": "https://registry.npmjs.org/retry-as-promised/-/retry-as-promised-2.3.2.tgz",
      "integrity": "sha1-zZdO5P2bX+A8vzGHHuSCIcB3N7c=",
      "requires": {
        "bluebird": "^3.4.6",
        "debug": "^2.6.9"
      },
      "dependencies": {
        "debug": {
          "version": "2.6.9",
          "resolved": "https://registry.npmjs.org/debug/-/debug-2.6.9.tgz",
          "integrity": "sha512-bC7ElrdJaJnPbAP+1EotYvqZsb3ecl5wi6Bfi6BJTUcNowp6cvspg0jXznRTKDjm/E7AdgFBVeAPVMNcKGsHMA==",
          "requires": {
            "ms": "2.0.0"
          }
        },
        "ms": {
          "version": "2.0.0",
          "resolved": "https://registry.npmjs.org/ms/-/ms-2.0.0.tgz",
          "integrity": "sha1-VgiurfwAvmwpAd9fmGF4jeDVl8g="
        }
      }
    },
    "safe-buffer": {
      "version": "5.1.2",
      "resolved": "https://registry.npmjs.org/safe-buffer/-/safe-buffer-5.1.2.tgz",
      "integrity": "sha512-Gd2UZBJDkXlY7GbJxfsE8/nvKkUEU1G38c1siN6QP6a9PT9MmHB8GnpscSmMJSoF8LOIrt8ud/wPtojys4G6+g=="
    },
    "semver": {
      "version": "5.6.0",
      "resolved": "https://registry.npmjs.org/semver/-/semver-5.6.0.tgz",
      "integrity": "sha512-RS9R6R35NYgQn++fkDWaOmqGoj4Ek9gGs+DPxNUZKuwE183xjJroKvyo1IzVFeXvUrvmALy6FWD5xrdJT25gMg=="
    },
    "sequelize": {
      "version": "4.42.0",
      "resolved": "https://registry.npmjs.org/sequelize/-/sequelize-4.42.0.tgz",
      "integrity": "sha512-qxAYnX4rcv7PbNtEidb56REpxNJCdbN0qyk1jb3+e6sE7OrmS0nYMU+MFVbNTJtZfSpOEEL1TX0TkMw+wzZBxg==",
      "requires": {
        "bluebird": "^3.5.0",
        "cls-bluebird": "^2.1.0",
        "debug": "^3.1.0",
        "depd": "^1.1.0",
        "dottie": "^2.0.0",
        "generic-pool": "^3.4.0",
        "inflection": "1.12.0",
        "lodash": "^4.17.1",
        "moment": "^2.20.0",
        "moment-timezone": "^0.5.14",
        "retry-as-promised": "^2.3.2",
        "semver": "^5.5.0",
        "terraformer-wkt-parser": "^1.1.2",
        "toposort-class": "^1.0.1",
        "uuid": "^3.2.1",
        "validator": "^10.4.0",
        "wkx": "^0.4.1"
      }
    },
    "shimmer": {
      "version": "1.2.1",
      "resolved": "https://registry.npmjs.org/shimmer/-/shimmer-1.2.1.tgz",
      "integrity": "sha512-sQTKC1Re/rM6XyFM6fIAGHRPVGvyXfgzIDvzoq608vM+jeyVD0Tu1E6Np0Kc2zAIFWIj963V2800iF/9LPieQw=="
    },
    "snekfetch": {
      "version": "3.6.4",
      "resolved": "https://registry.npmjs.org/snekfetch/-/snekfetch-3.6.4.tgz",
      "integrity": "sha512-NjxjITIj04Ffqid5lqr7XdgwM7X61c/Dns073Ly170bPQHLm6jkmelye/eglS++1nfTWktpP6Y2bFXjdPlQqdw=="
    },
    "split": {
      "version": "1.0.1",
      "resolved": "https://registry.npmjs.org/split/-/split-1.0.1.tgz",
      "integrity": "sha512-mTyOoPbrivtXnwnIxZRFYRrPNtEFKlpB2fvjSnCQUiAA6qAZzqwna5envK4uk6OIeP17CsdF3rSBGYVBsU0Tkg==",
      "requires": {
        "through": "2"
      }
    },
    "string_decoder": {
      "version": "1.2.0",
      "resolved": "https://registry.npmjs.org/string_decoder/-/string_decoder-1.2.0.tgz",
      "integrity": "sha512-6YqyX6ZWEYguAxgZzHGL7SsCeGx3V2TtOTqZz1xSTSWnqsbWwbptafNyvf/ACquZUXV3DANr5BDIwNYe1mN42w==",
      "requires": {
        "safe-buffer": "~5.1.0"
      }
    },
    "terraformer": {
      "version": "1.0.9",
      "resolved": "https://registry.npmjs.org/terraformer/-/terraformer-1.0.9.tgz",
      "integrity": "sha512-YlmQ1fsMWTkKGDGibCRWgmLzrpDRUr63Q025LJ/taYQ6j1Yb8q9McKF7NBi6ACAyUXO6F/bl9w6v4MY307y5Ag==",
      "requires": {
        "@types/geojson": "^1.0.0"
      }
    },
    "terraformer-wkt-parser": {
      "version": "1.2.0",
      "resolved": "https://registry.npmjs.org/terraformer-wkt-parser/-/terraformer-wkt-parser-1.2.0.tgz",
      "integrity": "sha512-QU3iA54St5lF8Za1jg1oj4NYc8sn5tCZ08aNSWDeGzrsaV48eZk1iAVWasxhNspYBoCqdHuoot1pUTUrE1AJ4w==",
      "requires": {
        "@types/geojson": "^1.0.0",
        "terraformer": "~1.0.5"
      }
    },
    "through": {
      "version": "2.3.8",
      "resolved": "https://registry.npmjs.org/through/-/through-2.3.8.tgz",
      "integrity": "sha1-DdTJ/6q8NXlgsbckEV1+Doai4fU="
    },
    "toposort-class": {
      "version": "1.0.1",
      "resolved": "https://registry.npmjs.org/toposort-class/-/toposort-class-1.0.1.tgz",
      "integrity": "sha1-f/0feMi+KMO6Rc1OGj9e4ZO9mYg="
    },
    "tweetnacl": {
      "version": "1.0.1",
      "resolved": "https://registry.npmjs.org/tweetnacl/-/tweetnacl-1.0.1.tgz",
      "integrity": "sha512-kcoMoKTPYnoeS50tzoqjPY3Uv9axeuuFAZY9M/9zFnhoVvRfxz9K29IMPD7jGmt2c8SW7i3gT9WqDl2+nV7p4A=="
    },
    "underscore": {
      "version": "1.9.1",
      "resolved": "https://registry.npmjs.org/underscore/-/underscore-1.9.1.tgz",
      "integrity": "sha512-5/4etnCkd9c8gwgowi5/om/mYO5ajCaOgdzj/oW+0eQV9WxKBDZw5+ycmKmeaTXjInS/W0BzpGLo2xR2aBwZdg=="
    },
    "util-deprecate": {
      "version": "1.0.2",
      "resolved": "https://registry.npmjs.org/util-deprecate/-/util-deprecate-1.0.2.tgz",
      "integrity": "sha1-RQ1Nyfpw3nMnYvvS1KKJgUGaDM8="
    },
    "uuid": {
      "version": "3.3.2",
      "resolved": "https://registry.npmjs.org/uuid/-/uuid-3.3.2.tgz",
      "integrity": "sha512-yXJmeNaw3DnnKAOKJE51sL/ZaYfWJRl1pK9dr19YFCu0ObS231AB1/LbqTKRAQ5kw8A90rA6fr4riOUpTZvQZA=="
    },
    "validator": {
      "version": "10.11.0",
      "resolved": "https://registry.npmjs.org/validator/-/validator-10.11.0.tgz",
      "integrity": "sha512-X/p3UZerAIsbBfN/IwahhYaBbY68EN/UQBWHtsbXGT5bfrH/p4NQzUCG1kF/rtKaNpnJ7jAu6NGTdSNtyNIXMw=="
    },
    "wkx": {
      "version": "0.4.6",
      "resolved": "https://registry.npmjs.org/wkx/-/wkx-0.4.6.tgz",
      "integrity": "sha512-LHxXlzRCYQXA9ZHgs8r7Gafh0gVOE8o3QmudM1PIkOdkXXjW7Thcl+gb2P2dRuKgW8cqkitCRZkkjtmWzpHi7A==",
      "requires": {
        "@types/node": "*"
      }
    },
    "ws": {
      "version": "4.1.0",
      "resolved": "https://registry.npmjs.org/ws/-/ws-4.1.0.tgz",
      "integrity": "sha512-ZGh/8kF9rrRNffkLFV4AzhvooEclrOH0xaugmqGsIfFgOE/pIz4fMc4Ef+5HSQqTEug2S9JZIWDR47duDSLfaA==",
      "requires": {
        "async-limiter": "~1.0.0",
        "safe-buffer": "~5.1.0"
      }
    },
    "xtend": {
      "version": "4.0.1",
      "resolved": "https://registry.npmjs.org/xtend/-/xtend-4.0.1.tgz",
      "integrity": "sha1-pcbVMr5lbiPbgg77lDofBJmNY68="
    }
  }
}
